uuid: e3306ada-bcf7-4e98-8464-ae4298ded3bf
langcode: en
status: false
dependencies:
  module:
    - search
active_version: 67e777891e0d3abf
versioned_properties:
  active:
    settings:
      default_settings:
        id: search_form_block
        label: 'Search form'
        label_display: '0'
        provider: search
        page_id: null
    fallback_metadata:
      slot_definitions: null
  7635c5383bc1efa7:
    settings:
      default_settings:
        id: search_form_block
        label: 'Search form'
        label_display: '0'
        provider: search
        page_id: null
    fallback_metadata:
      slot_definitions: null
  66936558a0932f6b:
    settings:
      default_settings:
        id: search_form_block
        label: 'Search form'
        label_display: '0'
        provider: search
        page_id: null
    fallback_metadata:
      slot_definitions: null
label: 'Search form'
id: block.search_form_block
provider: search
source: block
source_local_id: search_form_block
